// !$*UTF8*$!
{
	archiveVersion = 1;
	classes = {
	};
	objectVersion = 56;
	objects = {

/* Begin PBXBuildFile section */
		D88E96D429A3839200D2FBC2 /* AppDelegate.swift in Sources */ = {isa = PBXBuildFile; fileRef = D88E96D329A3839200D2FBC2 /* AppDelegate.swift */; };
		D88E96D629A3839200D2FBC2 /* SceneDelegate.swift in Sources */ = {isa = PBXBuildFile; fileRef = D88E96D529A3839200D2FBC2 /* SceneDelegate.swift */; };
		D88E96D829A3839200D2FBC2 /* ViewController.swift in Sources */ = {isa = PBXBuildFile; fileRef = D88E96D729A3839200D2FBC2 /* ViewController.swift */; };
		D88E96DB29A3839200D2FBC2 /* Main.storyboard in Resources */ = {isa = PBXBuildFile; fileRef = D88E96D929A3839200D2FBC2 /* Main.storyboard */; };
		D88E96DD29A3839300D2FBC2 /* Assets.xcassets in Resources */ = {isa = PBXBuildFile; fileRef = D88E96DC29A3839300D2FBC2 /* Assets.xcassets */; };
		D88E96E029A3839300D2FBC2 /* LaunchScreen.storyboard in Resources */ = {isa = PBXBuildFile; fileRef = D88E96DE29A3839300D2FBC2 /* LaunchScreen.storyboard */; };
		D88E96EB29A3839300D2FBC2 /* LayoutExampleTests.swift in Sources */ = {isa = PBXBuildFile; fileRef = D88E96EA29A3839300D2FBC2 /* LayoutExampleTests.swift */; };
		D88E96F529A3839300D2FBC2 /* LayoutExampleUITests.swift in Sources */ = {isa = PBXBuildFile; fileRef = D88E96F429A3839300D2FBC2 /* LayoutExampleUITests.swift */; };
		D88E96F729A3839300D2FBC2 /* LayoutExampleUITestsLaunchTests.swift in Sources */ = {isa = PBXBuildFile; fileRef = D88E96F629A3839300D2FBC2 /* LayoutExampleUITestsLaunchTests.swift */; };
/* End PBXBuildFile section */

/* Begin PBXContainerItemProxy section */
		D88E96E729A3839300D2FBC2 /* PBXContainerItemProxy */ = {
			isa = PBXContainerItemProxy;
			containerPortal = D88E96C829A3839200D2FBC2 /* Project object */;
			proxyType = 1;
			remoteGlobalIDString = D88E96CF29A3839200D2FBC2;
			remoteInfo = LayoutExample;
		};
		D88E96F129A3839300D2FBC2 /* PBXContainerItemProxy */ = {
			isa = PBXContainerItemProxy;
			containerPortal = D88E96C829A3839200D2FBC2 /* Project object */;
			proxyType = 1;
			remoteGlobalIDString = D88E96CF29A3839200D2FBC2;
			remoteInfo = LayoutExample;
		};
/* End PBXContainerItemProxy section */

/* Begin PBXFileReference section */
		D88E96D029A3839200D2FBC2 /* LayoutExample.app */ = {isa = PBXFileReference; explicitFileType = wrapper.application; includeInIndex = 0; path = LayoutExample.app; sourceTree = BUILT_PRODUCTS_DIR; };
		D88E96D329A3839200D2FBC2 /* AppDelegate.swift */ = {isa = PBXFileReference; lastKnownFileType = sourcecode.swift; path = AppDelegate.swift; sourceTree = "<group>"; };
		D88E96D529A3839200D2FBC2 /* SceneDelegate.swift */ = {isa = PBXFileReference; lastKnownFileType = sourcecode.swift; path = SceneDelegate.swift; sourceTree = "<group>"; };
		D88E96D729A3839200D2FBC2 /* ViewController.swift */ = {isa = PBXFileReference; lastKnownFileType = sourcecode.swift; path = ViewController.swift; sourceTree = "<group>"; };
		D88E96DA29A3839200D2FBC2 /* Base */ = {isa = PBXFileReference; lastKnownFileType = file.storyboard; name = Base; path = Base.lproj/Main.storyboard; sourceTree = "<group>"; };
		D88E96DC29A3839300D2FBC2 /* Assets.xcassets */ = {isa = PBXFileReference; lastKnownFileType = folder.assetcatalog; path = Assets.xcassets; sourceTree = "<group>"; };
		D88E96DF29A3839300D2FBC2 /* Base */ = {isa = PBXFileReference; lastKnownFileType = file.storyboard; name = Base; path = Base.lproj/LaunchScreen.storyboard; sourceTree = "<group>"; };
		D88E96E129A3839300D2FBC2 /* Info.plist */ = {isa = PBXFileReference; lastKnownFileType = text.plist.xml; path = Info.plist; sourceTree = "<group>"; };
		D88E96E629A3839300D2FBC2 /* LayoutExampleTests.xctest */ = {isa = PBXFileReference; explicitFileType = wrapper.cfbundle; includeInIndex = 0; path = LayoutExampleTests.xctest; sourceTree = BUILT_PRODUCTS_DIR; };
		D88E96EA29A3839300D2FBC2 /* LayoutExampleTests.swift */ = {isa = PBXFileReference; lastKnownFileType = sourcecode.swift; path = LayoutExampleTests.swift; sourceTree = "<group>"; };
		D88E96F029A3839300D2FBC2 /* LayoutExampleUITests.xctest */ = {isa = PBXFileReference; explicitFileType = wrapper.cfbundle; includeInIndex = 0; path = LayoutExampleUITests.xctest; sourceTree = BUILT_PRODUCTS_DIR; };
		D88E96F429A3839300D2FBC2 /* LayoutExampleUITests.swift */ = {isa = PBXFileReference; lastKnownFileType = sourcecode.swift; path = LayoutExampleUITests.swift; sourceTree = "<group>"; };
		D88E96F629A3839300D2FBC2 /* LayoutExampleUITestsLaunchTests.swift */ = {isa = PBXFileReference; lastKnownFileType = sourcecode.swift; path = LayoutExampleUITestsLaunchTests.swift; sourceTree = "<group>"; };
/* End PBXFileReference section */

/* Begin PBXFrameworksBuildPhase section */
		D88E96CD29A3839200D2FBC2 /* Frameworks */ = {
			isa = PBXFrameworksBuildPhase;
			buildActionMask = 2147483647;
			files = (
			);
			runOnlyForDeploymentPostprocessing = 0;
		};
		D88E96E329A3839300D2FBC2 /* Frameworks */ = {
			isa = PBXFrameworksBuildPhase;
			buildActionMask = 2147483647;
			files = (
			);
			runOnlyForDeploymentPostprocessing = 0;
		};
		D88E96ED29A3839300D2FBC2 /* Frameworks */ = {
			isa = PBXFrameworksBuildPhase;
			buildActionMask = 2147483647;
			files = (
			);
			runOnlyForDeploymentPostprocessing = 0;
		};
/* End PBXFrameworksBuildPhase section */

/* Begin PBXGroup section */
		D88E96C729A3839200D2FBC2 = {
			isa = PBXGroup;
			children = (
				D88E96D229A3839200D2FBC2 /* LayoutExample */,
				D88E96E929A3839300D2FBC2 /* LayoutExampleTests */,
				D88E96F329A3839300D2FBC2 /* LayoutExampleUITests */,
				D88E96D129A3839200D2FBC2 /* Products */,
			);
			sourceTree = "<group>";
		};
		D88E96D129A3839200D2FBC2 /* Products */ = {
			isa = PBXGroup;
			children = (
				D88E96D029A3839200D2FBC2 /* LayoutExample.app */,
				D88E96E629A3839300D2FBC2 /* LayoutExampleTests.xctest */,
				D88E96F029A3839300D2FBC2 /* LayoutExampleUITests.xctest */,
			);
			name = Products;
			sourceTree = "<group>";
		};
		D88E96D229A3839200D2FBC2 /* LayoutExample */ = {
			isa = PBXGroup;
			children = (
				D88E96D329A3839200D2FBC2 /* AppDelegate.swift */,
				D88E96D529A3839200D2FBC2 /* SceneDelegate.swift */,
				D88E96D729A3839200D2FBC2 /* ViewController.swift */,
				D88E96D929A3839200D2FBC2 /* Main.storyboard */,
				D88E96DC29A3839300D2FBC2 /* Assets.xcassets */,
				D88E96DE29A3839300D2FBC2 /* LaunchScreen.storyboard */,
				D88E96E129A3839300D2FBC2 /* Info.plist */,
			);
			path = LayoutExample;
			sourceTree = "<group>";
		};
		D88E96E929A3839300D2FBC2 /* LayoutExampleTests */ = {
			isa = PBXGroup;
			children = (
				D88E96EA29A3839300D2FBC2 /* LayoutExampleTests.swift */,
			);
			path = LayoutExampleTests;
			sourceTree = "<group>";
		};
		D88E96F329A3839300D2FBC2 /* LayoutExampleUITests */ = {
			isa = PBXGroup;
			children = (
				D88E96F429A3839300D2FBC2 /* LayoutExampleUITests.swift */,
				D88E96F629A3839300D2FBC2 /* LayoutExampleUITestsLaunchTests.swift */,
			);
			path = LayoutExampleUITests;
			sourceTree = "<group>";
		};
/* End PBXGroup section */

/* Begin PBXNativeTarget section */
		D88E96CF29A3839200D2FBC2 /* LayoutExample */ = {
			isa = PBXNativeTarget;
			buildConfigurationList = D88E96FA29A3839300D2FBC2 /* Build configuration list for PBXNativeTarget "LayoutExample" */;
			buildPhases = (
				D88E96CC29A3839200D2FBC2 /* Sources */,
				D88E96CD29A3839200D2FBC2 /* Frameworks */,
				D88E96CE29A3839200D2FBC2 /* Resources */,
			);
			buildRules = (
			);
			dependencies = (
			);
			name = LayoutExample;
			productName = LayoutExample;
			productReference = D88E96D029A3839200D2FBC2 /* LayoutExample.app */;
			productType = "com.apple.product-type.application";
		};
		D88E96E529A3839300D2FBC2 /* LayoutExampleTests */ = {
			isa = PBXNativeTarget;
			buildConfigurationList = D88E96FD29A3839300D2FBC2 /* Build configuration list for PBXNativeTarget "LayoutExampleTests" */;
			buildPhases = (
				D88E96E229A3839300D2FBC2 /* Sources */,
				D88E96E329A3839300D2FBC2 /* Frameworks */,
				D88E96E429A3839300D2FBC2 /* Resources */,
			);
			buildRules = (
			);
			dependencies = (
				D88E96E829A3839300D2FBC2 /* PBXTargetDependency */,
			);
			name = LayoutExampleTests;
			productName = LayoutExampleTests;
			productReference = D88E96E629A3839300D2FBC2 /* LayoutExampleTests.xctest */;
			productType = "com.apple.product-type.bundle.unit-test";
		};
		D88E96EF29A3839300D2FBC2 /* LayoutExampleUITests */ = {
			isa = PBXNativeTarget;
			buildConfigurationList = D88E970029A3839300D2FBC2 /* Build configuration list for PBXNativeTarget "LayoutExampleUITests" */;
			buildPhases = (
				D88E96EC29A3839300D2FBC2 /* Sources */,
				D88E96ED29A3839300D2FBC2 /* Frameworks */,
				D88E96EE29A3839300D2FBC2 /* Resources */,
			);
			buildRules = (
			);
			dependencies = (
				D88E96F229A3839300D2FBC2 /* PBXTargetDependency */,
			);
			name = LayoutExampleUITests;
			productName = LayoutExampleUITests;
			productReference = D88E96F029A3839300D2FBC2 /* LayoutExampleUITests.xctest */;
			productType = "com.apple.product-type.bundle.ui-testing";
		};
/* End PBXNativeTarget section */

/* Begin PBXProject section */
		D88E96C829A3839200D2FBC2 /* Project object */ = {
			isa = PBXProject;
			attributes = {
				BuildIndependentTargetsInParallel = 1;
				LastSwiftUpdateCheck = 1420;
				LastUpgradeCheck = 1420;
				TargetAttributes = {
					D88E96CF29A3839200D2FBC2 = {
						CreatedOnToolsVersion = 14.2;
					};
					D88E96E529A3839300D2FBC2 = {
						CreatedOnToolsVersion = 14.2;
						TestTargetID = D88E96CF29A3839200D2FBC2;
					};
					D88E96EF29A3839300D2FBC2 = {
						CreatedOnToolsVersion = 14.2;
						TestTargetID = D88E96CF29A3839200D2FBC2;
					};
				};
			};
			buildConfigurationList = D88E96CB29A3839200D2FBC2 /* Build configuration list for PBXProject "LayoutExample" */;
			compatibilityVersion = "Xcode 14.0";
			developmentRegion = en;
			hasScannedForEncodings = 0;
			knownRegions = (
				en,
				Base,
			);
			mainGroup = D88E96C729A3839200D2FBC2;
			productRefGroup = D88E96D129A3839200D2FBC2 /* Products */;
			projectDirPath = "";
			projectRoot = "";
			targets = (
				D88E96CF29A3839200D2FBC2 /* LayoutExample */,
				D88E96E529A3839300D2FBC2 /* LayoutExampleTests */,
				D88E96EF29A3839300D2FBC2 /* LayoutExampleUITests */,
			);
		};
/* End PBXProject section */

/* Begin PBXResourcesBuildPhase section */
		D88E96CE29A3839200D2FBC2 /* Resources */ = {
			isa = PBXResourcesBuildPhase;
			buildActionMask = 2147483647;
			files = (
				D88E96E029A3839300D2FBC2 /* LaunchScreen.storyboard in Resources */,
				D88E96DD29A3839300D2FBC2 /* Assets.xcassets in Resources */,
				D88E96DB29A3839200D2FBC2 /* Main.storyboard in Resources */,
			);
			runOnlyForDeploymentPostprocessing = 0;
		};
		D88E96E429A3839300D2FBC2 /* Resources */ = {
			isa = PBXResourcesBuildPhase;
			buildActionMask = 2147483647;
			files = (
			);
			runOnlyForDeploymentPostprocessing = 0;
		};
		D88E96EE29A3839300D2FBC2 /* Resources */ = {
			isa = PBXResourcesBuildPhase;
			buildActionMask = 2147483647;
			files = (
			);
			runOnlyForDeploymentPostprocessing = 0;
		};
/* End PBXResourcesBuildPhase section */

/* Begin PBXSourcesBuildPhase section */
		D88E96CC29A3839200D2FBC2 /* Sources */ = {
			isa = PBXSourcesBuildPhase;
			buildActionMask = 2147483647;
			files = (
				D88E96D829A3839200D2FBC2 /* ViewController.swift in Sources */,
				D88E96D429A3839200D2FBC2 /* AppDelegate.swift in Sources */,
				D88E96D629A3839200D2FBC2 /* SceneDelegate.swift in Sources */,
			);
			runOnlyForDeploymentPostprocessing = 0;
		};
		D88E96E229A3839300D2FBC2 /* Sources */ = {
			isa = PBXSourcesBuildPhase;
			buildActionMask = 2147483647;
			files = (
				D88E96EB29A3839300D2FBC2 /* LayoutExampleTests.swift in Sources */,
			);
			runOnlyForDeploymentPostprocessing = 0;
		};
		D88E96EC29A3839300D2FBC2 /* Sources */ = {
			isa = PBXSourcesBuildPhase;
			buildActionMask = 2147483647;
			files = (
				D88E96F529A3839300D2FBC2 /* LayoutExampleUITests.swift in Sources */,
				D88E96F729A3839300D2FBC2 /* LayoutExampleUITestsLaunchTests.swift in Sources */,
			);
			runOnlyForDeploymentPostprocessing = 0;
		};
/* End PBXSourcesBuildPhase section */

/* Begin PBXTargetDependency section */
		D88E96E829A3839300D2FBC2 /* PBXTargetDependency */ = {
			isa = PBXTargetDependency;
			target = D88E96CF29A3839200D2FBC2 /* LayoutExample */;
			targetProxy = D88E96E729A3839300D2FBC2 /* PBXContainerItemProxy */;
		};
		D88E96F229A3839300D2FBC2 /* PBXTargetDependency */ = {
			isa = PBXTargetDependency;
			target = D88E96CF29A3839200D2FBC2 /* LayoutExample */;
			targetProxy = D88E96F129A3839300D2FBC2 /* PBXContainerItemProxy */;
		};
/* End PBXTargetDependency section */

/* Begin PBXVariantGroup section */
		D88E96D929A3839200D2FBC2 /* Main.storyboard */ = {
			isa = PBXVariantGroup;
			children = (
				D88E96DA29A3839200D2FBC2 /* Base */,
			);
			name = Main.storyboard;
			sourceTree = "<group>";
		};
		D88E96DE29A3839300D2FBC2 /* LaunchScreen.storyboard */ = {
			isa = PBXVariantGroup;
			children = (
				D88E96DF29A3839300D2FBC2 /* Base */,
			);
			name = LaunchScreen.storyboard;
			sourceTree = "<group>";
		};
/* End PBXVariantGroup section */

/* Begin XCBuildConfiguration section */
		D88E96F829A3839300D2FBC2 /* Debug */ = {
			isa = XCBuildConfiguration;
			buildSettings = {
				ALWAYS_SEARCH_USER_PATHS = NO;
				CLANG_ANALYZER_NONNULL = YES;
				CLANG_ANALYZER_NUMBER_OBJECT_CONVERSION = YES_AGGRESSIVE;
				CLANG_CXX_LANGUAGE_STANDARD = "gnu++20";
				CLANG_ENABLE_MODULES = YES;
				CLANG_ENABLE_OBJC_ARC = YES;
				CLANG_ENABLE_OBJC_WEAK = YES;
				CLANG_WARN_BLOCK_CAPTURE_AUTORELEASING = YES;
				CLANG_WARN_BOOL_CONVERSION = YES;
				CLANG_WARN_COMMA = YES;
				CLANG_WARN_CONSTANT_CONVERSION = YES;
				CLANG_WARN_DEPRECATED_OBJC_IMPLEMENTATIONS = YES;
				CLANG_WARN_DIRECT_OBJC_ISA_USAGE = YES_ERROR;
				CLANG_WARN_DOCUMENTATION_COMMENTS = YES;
				CLANG_WARN_EMPTY_BODY = YES;
				CLANG_WARN_ENUM_CONVERSION = YES;
				CLANG_WARN_INFINITE_RECURSION = YES;
				CLANG_WARN_INT_CONVERSION = YES;
				CLANG_WARN_NON_LITERAL_NULL_CONVERSION = YES;
				CLANG_WARN_OBJC_IMPLICIT_RETAIN_SELF = YES;
				CLANG_WARN_OBJC_LITERAL_CONVERSION = YES;
				CLANG_WARN_OBJC_ROOT_CLASS = YES_ERROR;
				CLANG_WARN_QUOTED_INCLUDE_IN_FRAMEWORK_HEADER = YES;
				CLANG_WARN_RANGE_LOOP_ANALYSIS = YES;
				CLANG_WARN_STRICT_PROTOTYPES = YES;
				CLANG_WARN_SUSPICIOUS_MOVE = YES;
				CLANG_WARN_UNGUARDED_AVAILABILITY = YES_AGGRESSIVE;
				CLANG_WARN_UNREACHABLE_CODE = YES;
				CLANG_WARN__DUPLICATE_METHOD_MATCH = YES;
				COPY_PHASE_STRIP = NO;
				DEBUG_INFORMATION_FORMAT = dwarf;
				ENABLE_STRICT_OBJC_MSGSEND = YES;
				ENABLE_TESTABILITY = YES;
				GCC_C_LANGUAGE_STANDARD = gnu11;
				GCC_DYNAMIC_NO_PIC = NO;
				GCC_NO_COMMON_BLOCKS = YES;
				GCC_OPTIMIZATION_LEVEL = 0;
				GCC_PREPROCESSOR_DEFINITIONS = (
					"DEBUG=1",
					"$(inherited)",
				);
				GCC_WARN_64_TO_32_BIT_CONVERSION = YES;
				GCC_WARN_ABOUT_RETURN_TYPE = YES_ERROR;
				GCC_WARN_UNDECLARED_SELECTOR = YES;
				GCC_WARN_UNINITIALIZED_AUTOS = YES_AGGRESSIVE;
				GCC_WARN_UNUSED_FUNCTION = YES;
				GCC_WARN_UNUSED_VARIABLE = YES;
				IPHONEOS_DEPLOYMENT_TARGET = 16.2;
				MTL_ENABLE_DEBUG_INFO = INCLUDE_SOURCE;
				MTL_FAST_MATH = YES;
				ONLY_ACTIVE_ARCH = YES;
				SDKROOT = iphoneos;
				SWIFT_ACTIVE_COMPILATION_CONDITIONS = DEBUG;
				SWIFT_OPTIMIZATION_LEVEL = "-Onone";
			};
			name = Debug;
		};
		D88E96F929A3839300D2FBC2 /* Release */ = {
			isa = XCBuildConfiguration;
			buildSettings = {
				ALWAYS_SEARCH_USER_PATHS = NO;
				CLANG_ANALYZER_NONNULL = YES;
				CLANG_ANALYZER_NUMBER_OBJECT_CONVERSION = YES_AGGRESSIVE;
				CLANG_CXX_LANGUAGE_STANDARD = "gnu++20";
				CLANG_ENABLE_MODULES = YES;
				CLANG_ENABLE_OBJC_ARC = YES;
				CLANG_ENABLE_OBJC_WEAK = YES;
				CLANG_WARN_BLOCK_CAPTURE_AUTORELEASING = YES;
				CLANG_WARN_BOOL_CONVERSION = YES;
				CLANG_WARN_COMMA = YES;
				CLANG_WARN_CONSTANT_CONVERSION = YES;
				CLANG_WARN_DEPRECATED_OBJC_IMPLEMENTATIONS = YES;
				CLANG_WARN_DIRECT_OBJC_ISA_USAGE = YES_ERROR;
				CLANG_WARN_DOCUMENTATION_COMMENTS = YES;
				CLANG_WARN_EMPTY_BODY = YES;
				CLANG_WARN_ENUM_CONVERSION = YES;
				CLANG_WARN_INFINITE_RECURSION = YES;
				CLANG_WARN_INT_CONVERSION = YES;
				CLANG_WARN_NON_LITERAL_NULL_CONVERSION = YES;
				CLANG_WARN_OBJC_IMPLICIT_RETAIN_SELF = YES;
				CLANG_WARN_OBJC_LITERAL_CONVERSION = YES;
				CLANG_WARN_OBJC_ROOT_CLASS = YES_ERROR;
				CLANG_WARN_QUOTED_INCLUDE_IN_FRAMEWORK_HEADER = YES;
				CLANG_WARN_RANGE_LOOP_ANALYSIS = YES;
				CLANG_WARN_STRICT_PROTOTYPES = YES;
				CLANG_WARN_SUSPICIOUS_MOVE = YES;
				CLANG_WARN_UNGUARDED_AVAILABILITY = YES_AGGRESSIVE;
				CLANG_WARN_UNREACHABLE_CODE = YES;
				CLANG_WARN__DUPLICATE_METHOD_MATCH = YES;
				COPY_PHASE_STRIP = NO;
				DEBUG_INFORMATION_FORMAT = "dwarf-with-dsym";
				ENABLE_NS_ASSERTIONS = NO;
				ENABLE_STRICT_OBJC_MSGSEND = YES;
				GCC_C_LANGUAGE_STANDARD = gnu11;
				GCC_NO_COMMON_BLOCKS = YES;
				GCC_WARN_64_TO_32_BIT_CONVERSION = YES;
				GCC_WARN_ABOUT_RETURN_TYPE = YES_ERROR;
				GCC_WARN_UNDECLARED_SELECTOR = YES;
				GCC_WARN_UNINITIALIZED_AUTOS = YES_AGGRESSIVE;
				GCC_WARN_UNUSED_FUNCTION = YES;
				GCC_WARN_UNUSED_VARIABLE = YES;
				IPHONEOS_DEPLOYMENT_TARGET = 16.2;
				MTL_ENABLE_DEBUG_INFO = NO;
				MTL_FAST_MATH = YES;
				SDKROOT = iphoneos;
				SWIFT_COMPILATION_MODE = wholemodule;
				SWIFT_OPTIMIZATION_LEVEL = "-O";
				VALIDATE_PRODUCT = YES;
			};
			name = Release;
		};
		D88E96FB29A3839300D2FBC2 /* Debug */ = {
			isa = XCBuildConfiguration;
			buildSettings = {
				ASSETCATALOG_COMPILER_APPICON_NAME = AppIcon;
				ASSETCATALOG_COMPILER_GLOBAL_ACCENT_COLOR_NAME = AccentColor;
				CODE_SIGN_STYLE = Automatic;
				CURRENT_PROJECT_VERSION = 1;
				DEVELOPMENT_TEAM = 6V8RYTN3WC;
				GENERATE_INFOPLIST_FILE = YES;
				INFOPLIST_FILE = LayoutExample/Info.plist;
				INFOPLIST_KEY_UIApplicationSupportsIndirectInputEvents = YES;
				INFOPLIST_KEY_UILaunchStoryboardName = LaunchScreen;
				INFOPLIST_KEY_UIMainStoryboardFile = Main;
				INFOPLIST_KEY_UISupportedInterfaceOrientations_iPad = "UIInterfaceOrientationPortrait UIInterfaceOrientationPortraitUpsideDown UIInterfaceOrientationLandscapeLeft UIInterfaceOrientationLandscapeRight";
				INFOPLIST_KEY_UISupportedInterfaceOrientations_iPhone = "UIInterfaceOrientationPortrait UIInterfaceOrientationLandscapeLeft UIInterfaceOrientationLandscapeRight";
				LD_RUNPATH_SEARCH_PATHS = (
					"$(inherited)",
					"@executable_path/Frameworks",
				);
				MARKETING_VERSION = 1.0;
				PRODUCT_BUNDLE_IDENTIFIER = com.kocakaysegul.LayoutExample;
				PRODUCT_NAME = "$(TARGET_NAME)";
				SWIFT_EMIT_LOC_STRINGS = YES;
				SWIFT_VERSION = 5.0;
				TARGETED_DEVICE_FAMILY = "1,2";
			};
			name = Debug;
		};
		D88E96FC29A3839300D2FBC2 /* Release */ = {
			isa = XCBuildConfiguration;
			buildSettings = {
				ASSETCATALOG_COMPILER_APPICON_NAME = AppIcon;
				ASSETCATALOG_COMPILER_GLOBAL_ACCENT_COLOR_NAME = AccentColor;
				CODE_SIGN_STYLE = Automatic;
				CURRENT_PROJECT_VERSION = 1;
				DEVELOPMENT_TEAM = 6V8RYTN3WC;
				GENERATE_INFOPLIST_FILE = YES;
				INFOPLIST_FILE = LayoutExample/Info.plist;
				INFOPLIST_KEY_UIApplicationSupportsIndirectInputEvents = YES;
				INFOPLIST_KEY_UILaunchStoryboardName = LaunchScreen;
				INFOPLIST_KEY_UIMainStoryboardFile = Main;
				INFOPLIST_KEY_UISupportedInterfaceOrientations_iPad = "UIInterfaceOrientationPortrait UIInterfaceOrientationPortraitUpsideDown UIInterfaceOrientationLandscapeLeft UIInterfaceOrientationLandscapeRight";
				INFOPLIST_KEY_UISupportedInterfaceOrientations_iPhone = "UIInterfaceOrientationPortrait UIInterfaceOrientationLandscapeLeft UIInterfaceOrientationLandscapeRight";
				LD_RUNPATH_SEARCH_PATHS = (
					"$(inherited)",
					"@executable_path/Frameworks",
				);
				MARKETING_VERSION = 1.0;
				PRODUCT_BUNDLE_IDENTIFIER = com.kocakaysegul.LayoutExample;
				PRODUCT_NAME = "$(TARGET_NAME)";
				SWIFT_EMIT_LOC_STRINGS = YES;
				SWIFT_VERSION = 5.0;
				TARGETED_DEVICE_FAMILY = "1,2";
			};
			name = Release;
		};
		D88E96FE29A3839300D2FBC2 /* Debug */ = {
			isa = XCBuildConfiguration;
			buildSettings = {
				ALWAYS_EMBED_SWIFT_STANDARD_LIBRARIES = YES;
				BUNDLE_LOADER = "$(TEST_HOST)";
				CODE_SIGN_STYLE = Automatic;
				CURRENT_PROJECT_VERSION = 1;
				DEVELOPMENT_TEAM = 6V8RYTN3WC;
				GENERATE_INFOPLIST_FILE = YES;
				IPHONEOS_DEPLOYMENT_TARGET = 16.2;
				MARKETING_VERSION = 1.0;
				PRODUCT_BUNDLE_IDENTIFIER = com.kocakaysegul.LayoutExampleTests;
				PRODUCT_NAME = "$(TARGET_NAME)";
				SWIFT_EMIT_LOC_STRINGS = NO;
				SWIFT_VERSION = 5.0;
				TARGETED_DEVICE_FAMILY = "1,2";
				TEST_HOST = "$(BUILT_PRODUCTS_DIR)/LayoutExample.app/$(BUNDLE_EXECUTABLE_FOLDER_PATH)/LayoutExample";
			};
			name = Debug;
		};
		D88E96FF29A3839300D2FBC2 /* Release */ = {
			isa = XCBuildConfiguration;
			buildSettings = {
				ALWAYS_EMBED_SWIFT_STANDARD_LIBRARIES = YES;
				BUNDLE_LOADER = "$(TEST_HOST)";
				CODE_SIGN_STYLE = Automatic;
				CURRENT_PROJECT_VERSION = 1;
				DEVELOPMENT_TEAM = 6V8RYTN3WC;
				GENERATE_INFOPLIST_FILE = YES;
				IPHONEOS_DEPLOYMENT_TARGET = 16.2;
				MARKETING_VERSION = 1.0;
				PRODUCT_BUNDLE_IDENTIFIER = com.kocakaysegul.LayoutExampleTests;
				PRODUCT_NAME = "$(TARGET_NAME)";
				SWIFT_EMIT_LOC_STRINGS = NO;
				SWIFT_VERSION = 5.0;
				TARGETED_DEVICE_FAMILY = "1,2";
				TEST_HOST = "$(BUILT_PRODUCTS_DIR)/LayoutExample.app/$(BUNDLE_EXECUTABLE_FOLDER_PATH)/LayoutExample";
			};
			name = Release;
		};
		D88E970129A3839300D2FBC2 /* Debug */ = {
			isa = XCBuildConfiguration;
			buildSettings = {
				ALWAYS_EMBED_SWIFT_STANDARD_LIBRARIES = YES;
				CODE_SIGN_STYLE = Automatic;
				CURRENT_PROJECT_VERSION = 1;
				DEVELOPMENT_TEAM = 6V8RYTN3WC;
				GENERATE_INFOPLIST_FILE = YES;
				MARKETING_VERSION = 1.0;
				PRODUCT_BUNDLE_IDENTIFIER = com.kocakaysegul.LayoutExampleUITests;
				PRODUCT_NAME = "$(TARGET_NAME)";
				SWIFT_EMIT_LOC_STRINGS = NO;
				SWIFT_VERSION = 5.0;
				TARGETED_DEVICE_FAMILY = "1,2";
				TEST_TARGET_NAME = LayoutExample;
			};
			name = Debug;
		};
		D88E970229A3839300D2FBC2 /* Release */ = {
			isa = XCBuildConfiguration;
			buildSettings = {
				ALWAYS_EMBED_SWIFT_STANDARD_LIBRARIES = YES;
				CODE_SIGN_STYLE = Automatic;
				CURRENT_PROJECT_VERSION = 1;
				DEVELOPMENT_TEAM = 6V8RYTN3WC;
				GENERATE_INFOPLIST_FILE = YES;
				MARKETING_VERSION = 1.0;
				PRODUCT_BUNDLE_IDENTIFIER = com.kocakaysegul.LayoutExampleUITests;
				PRODUCT_NAME = "$(TARGET_NAME)";
				SWIFT_EMIT_LOC_STRINGS = NO;
				SWIFT_VERSION = 5.0;
				TARGETED_DEVICE_FAMILY = "1,2";
				TEST_TARGET_NAME = LayoutExample;
			};
			name = Release;
		};
/* End XCBuildConfiguration section */

/* Begin XCConfigurationList section */
		D88E96CB29A3839200D2FBC2 /* Build configuration list for PBXProject "LayoutExample" */ = {
			isa = XCConfigurationList;
			buildConfigurations = (
				D88E96F829A3839300D2FBC2 /* Debug */,
				D88E96F929A3839300D2FBC2 /* Release */,
			);
			defaultConfigurationIsVisible = 0;
			defaultConfigurationName = Release;
		};
		D88E96FA29A3839300D2FBC2 /* Build configuration list for PBXNativeTarget "LayoutExample" */ = {
			isa = XCConfigurationList;
			buildConfigurations = (
				D88E96FB29A3839300D2FBC2 /* Debug */,
				D88E96FC29A3839300D2FBC2 /* Release */,
			);
			defaultConfigurationIsVisible = 0;
			defaultConfigurationName = Release;
		};
		D88E96FD29A3839300D2FBC2 /* Build configuration list for PBXNativeTarget "LayoutExampleTests" */ = {
			isa = XCConfigurationList;
			buildConfigurations = (
				D88E96FE29A3839300D2FBC2 /* Debug */,
				D88E96FF29A3839300D2FBC2 /* Release */,
			);
			defaultConfigurationIsVisible = 0;
			defaultConfigurationName = Release;
		};
		D88E970029A3839300D2FBC2 /* Build configuration list for PBXNativeTarget "LayoutExampleUITests" */ = {
			isa = XCConfigurationList;
			buildConfigurations = (
				D88E970129A3839300D2FBC2 /* Debug */,
				D88E970229A3839300D2FBC2 /* Release */,
			);
			defaultConfigurationIsVisible = 0;
			defaultConfigurationName = Release;
		};
/* End XCConfigurationList section */
	};
	rootObject = D88E96C829A3839200D2FBC2 /* Project object */;
}
